// !$*UTF8*$!
{
	archiveVersion = 1;
	classes = {
	};
	objectVersion = 50;
	objects = {

/* Begin PBXBuildFile section */
		7842C3F42425893D001FDD65 /* CardDetailView.swift in Sources */ = {isa = PBXBuildFile; fileRef = 7842C3F32425893D001FDD65 /* CardDetailView.swift */; };
		7842C3F72425899C001FDD65 /* CardDetailViewCell.swift in Sources */ = {isa = PBXBuildFile; fileRef = 7842C3F52425899C001FDD65 /* CardDetailViewCell.swift */; };
		7842C3F82425899C001FDD65 /* CardDetailViewCell.xib in Resources */ = {isa = PBXBuildFile; fileRef = 7842C3F62425899C001FDD65 /* CardDetailViewCell.xib */; };
		78A58AB624227A0900A1DA6E /* AppDelegate.swift in Sources */ = {isa = PBXBuildFile; fileRef = 78A58AB524227A0900A1DA6E /* AppDelegate.swift */; };
		78A58AB824227A0900A1DA6E /* SceneDelegate.swift in Sources */ = {isa = PBXBuildFile; fileRef = 78A58AB724227A0900A1DA6E /* SceneDelegate.swift */; };
		78A58ABA24227A0900A1DA6E /* ViewController.swift in Sources */ = {isa = PBXBuildFile; fileRef = 78A58AB924227A0900A1DA6E /* ViewController.swift */; };
		78A58ABD24227A0900A1DA6E /* Main.storyboard in Resources */ = {isa = PBXBuildFile; fileRef = 78A58ABB24227A0900A1DA6E /* Main.storyboard */; };
		78A58ABF24227A0C00A1DA6E /* Assets.xcassets in Resources */ = {isa = PBXBuildFile; fileRef = 78A58ABE24227A0C00A1DA6E /* Assets.xcassets */; };
		78A58AC224227A0C00A1DA6E /* LaunchScreen.storyboard in Resources */ = {isa = PBXBuildFile; fileRef = 78A58AC024227A0C00A1DA6E /* LaunchScreen.storyboard */; };
		78A58ACA2423EE9100A1DA6E /* SelectionViewController.swift in Sources */ = {isa = PBXBuildFile; fileRef = 78A58AC92423EE9100A1DA6E /* SelectionViewController.swift */; };
		78A58AD624243A3800A1DA6E /* CardCollectionView.swift in Sources */ = {isa = PBXBuildFile; fileRef = 78A58AD524243A3800A1DA6E /* CardCollectionView.swift */; };
		78A58AD924243A4C00A1DA6E /* CardCollectionViewCell.swift in Sources */ = {isa = PBXBuildFile; fileRef = 78A58AD724243A4C00A1DA6E /* CardCollectionViewCell.swift */; };
		78A58ADA24243A4C00A1DA6E /* CardCollectionViewCell.xib in Resources */ = {isa = PBXBuildFile; fileRef = 78A58AD824243A4C00A1DA6E /* CardCollectionViewCell.xib */; };
/* End PBXBuildFile section */

/* Begin PBXFileReference section */
		7842C3F32425893D001FDD65 /* CardDetailView.swift */ = {isa = PBXFileReference; lastKnownFileType = sourcecode.swift; path = CardDetailView.swift; sourceTree = "<group>"; };
		7842C3F52425899C001FDD65 /* CardDetailViewCell.swift */ = {isa = PBXFileReference; lastKnownFileType = sourcecode.swift; path = CardDetailViewCell.swift; sourceTree = "<group>"; };
		7842C3F62425899C001FDD65 /* CardDetailViewCell.xib */ = {isa = PBXFileReference; lastKnownFileType = file.xib; path = CardDetailViewCell.xib; sourceTree = "<group>"; };
		78A58AB224227A0900A1DA6E /* Tarot Card.app */ = {isa = PBXFileReference; explicitFileType = wrapper.application; includeInIndex = 0; path = "Tarot Card.app"; sourceTree = BUILT_PRODUCTS_DIR; };
		78A58AB524227A0900A1DA6E /* AppDelegate.swift */ = {isa = PBXFileReference; lastKnownFileType = sourcecode.swift; path = AppDelegate.swift; sourceTree = "<group>"; };
		78A58AB724227A0900A1DA6E /* SceneDelegate.swift */ = {isa = PBXFileReference; lastKnownFileType = sourcecode.swift; path = SceneDelegate.swift; sourceTree = "<group>"; };
		78A58AB924227A0900A1DA6E /* ViewController.swift */ = {isa = PBXFileReference; lastKnownFileType = sourcecode.swift; path = ViewController.swift; sourceTree = "<group>"; };
		78A58ABC24227A0900A1DA6E /* Base */ = {isa = PBXFileReference; lastKnownFileType = file.storyboard; name = Base; path = Base.lproj/Main.storyboard; sourceTree = "<group>"; };
		78A58ABE24227A0C00A1DA6E /* Assets.xcassets */ = {isa = PBXFileReference; lastKnownFileType = folder.assetcatalog; path = Assets.xcassets; sourceTree = "<group>"; };
		78A58AC124227A0C00A1DA6E /* Base */ = {isa = PBXFileReference; lastKnownFileType = file.storyboard; name = Base; path = Base.lproj/LaunchScreen.storyboard; sourceTree = "<group>"; };
		78A58AC324227A0C00A1DA6E /* Info.plist */ = {isa = PBXFileReference; lastKnownFileType = text.plist.xml; path = Info.plist; sourceTree = "<group>"; };
		78A58AC92423EE9100A1DA6E /* SelectionViewController.swift */ = {isa = PBXFileReference; lastKnownFileType = sourcecode.swift; path = SelectionViewController.swift; sourceTree = "<group>"; };
		78A58AD524243A3800A1DA6E /* CardCollectionView.swift */ = {isa = PBXFileReference; lastKnownFileType = sourcecode.swift; path = CardCollectionView.swift; sourceTree = "<group>"; };
		78A58AD724243A4C00A1DA6E /* CardCollectionViewCell.swift */ = {isa = PBXFileReference; lastKnownFileType = sourcecode.swift; path = CardCollectionViewCell.swift; sourceTree = "<group>"; };
		78A58AD824243A4C00A1DA6E /* CardCollectionViewCell.xib */ = {isa = PBXFileReference; lastKnownFileType = file.xib; path = CardCollectionViewCell.xib; sourceTree = "<group>"; };
/* End PBXFileReference section */

/* Begin PBXFrameworksBuildPhase section */
		78A58AAF24227A0900A1DA6E /* Frameworks */ = {
			isa = PBXFrameworksBuildPhase;
			buildActionMask = 2147483647;
			files = (
			);
			runOnlyForDeploymentPostprocessing = 0;
		};
/* End PBXFrameworksBuildPhase section */

/* Begin PBXGroup section */
		78A58AA924227A0900A1DA6E = {
			isa = PBXGroup;
			children = (
				78A58AB424227A0900A1DA6E /* Tarot Card */,
				78A58AB324227A0900A1DA6E /* Products */,
			);
			sourceTree = "<group>";
		};
		78A58AB324227A0900A1DA6E /* Products */ = {
			isa = PBXGroup;
			children = (
				78A58AB224227A0900A1DA6E /* Tarot Card.app */,
			);
			name = Products;
			sourceTree = "<group>";
		};
		78A58AB424227A0900A1DA6E /* Tarot Card */ = {
			isa = PBXGroup;
			children = (
				78A58AB524227A0900A1DA6E /* AppDelegate.swift */,
				78A58AB724227A0900A1DA6E /* SceneDelegate.swift */,
				78A58AB924227A0900A1DA6E /* ViewController.swift */,
				78A58AC92423EE9100A1DA6E /* SelectionViewController.swift */,
				78A58AD524243A3800A1DA6E /* CardCollectionView.swift */,
				78A58AD724243A4C00A1DA6E /* CardCollectionViewCell.swift */,
				78A58AD824243A4C00A1DA6E /* CardCollectionViewCell.xib */,
				7842C3F32425893D001FDD65 /* CardDetailView.swift */,
				7842C3F52425899C001FDD65 /* CardDetailViewCell.swift */,
				7842C3F62425899C001FDD65 /* CardDetailViewCell.xib */,
				78A58ABB24227A0900A1DA6E /* Main.storyboard */,
				78A58ABE24227A0C00A1DA6E /* Assets.xcassets */,
				78A58AC024227A0C00A1DA6E /* LaunchScreen.storyboard */,
				78A58AC324227A0C00A1DA6E /* Info.plist */,
			);
			path = "Tarot Card";
			sourceTree = "<group>";
		};
/* End PBXGroup section */

/* Begin PBXNativeTarget section */
		78A58AB124227A0900A1DA6E /* Tarot Card */ = {
			isa = PBXNativeTarget;
			buildConfigurationList = 78A58AC624227A0C00A1DA6E /* Build configuration list for PBXNativeTarget "Tarot Card" */;
			buildPhases = (
				78A58AAE24227A0900A1DA6E /* Sources */,
				78A58AAF24227A0900A1DA6E /* Frameworks */,
				78A58AB024227A0900A1DA6E /* Resources */,
			);
			buildRules = (
			);
			dependencies = (
			);
			name = "Tarot Card";
			productName = "Tarot Card";
			productReference = 78A58AB224227A0900A1DA6E /* Tarot Card.app */;
			productType = "com.apple.product-type.application";
		};
/* End PBXNativeTarget section */

/* Begin PBXProject section */
		78A58AAA24227A0900A1DA6E /* Project object */ = {
			isa = PBXProject;
			attributes = {
				LastSwiftUpdateCheck = 1130;
				LastUpgradeCheck = 1130;
				ORGANIZATIONNAME = nickelogic;
				TargetAttributes = {
					78A58AB124227A0900A1DA6E = {
						CreatedOnToolsVersion = 11.3;
					};
				};
			};
			buildConfigurationList = 78A58AAD24227A0900A1DA6E /* Build configuration list for PBXProject "Tarot Card" */;
			compatibilityVersion = "Xcode 9.3";
			developmentRegion = en;
			hasScannedForEncodings = 0;
			knownRegions = (
				en,
				Base,
			);
			mainGroup = 78A58AA924227A0900A1DA6E;
			productRefGroup = 78A58AB324227A0900A1DA6E /* Products */;
			projectDirPath = "";
			projectRoot = "";
			targets = (
				78A58AB124227A0900A1DA6E /* Tarot Card */,
			);
		};
/* End PBXProject section */

/* Begin PBXResourcesBuildPhase section */
		78A58AB024227A0900A1DA6E /* Resources */ = {
			isa = PBXResourcesBuildPhase;
			buildActionMask = 2147483647;
			files = (
				78A58ADA24243A4C00A1DA6E /* CardCollectionViewCell.xib in Resources */,
				78A58AC224227A0C00A1DA6E /* LaunchScreen.storyboard in Resources */,
				7842C3F82425899C001FDD65 /* CardDetailViewCell.xib in Resources */,
				78A58ABF24227A0C00A1DA6E /* Assets.xcassets in Resources */,
				78A58ABD24227A0900A1DA6E /* Main.storyboard in Resources */,
			);
			runOnlyForDeploymentPostprocessing = 0;
		};
/* End PBXResourcesBuildPhase section */

/* Begin PBXSourcesBuildPhase section */
		78A58AAE24227A0900A1DA6E /* Sources */ = {
			isa = PBXSourcesBuildPhase;
			buildActionMask = 2147483647;
			files = (
				78A58ABA24227A0900A1DA6E /* ViewController.swift in Sources */,
				7842C3F42425893D001FDD65 /* CardDetailView.swift in Sources */,
				78A58ACA2423EE9100A1DA6E /* SelectionViewController.swift in Sources */,
				7842C3F72425899C001FDD65 /* CardDetailViewCell.swift in Sources */,
				78A58AB624227A0900A1DA6E /* AppDelegate.swift in Sources */,
				78A58AD624243A3800A1DA6E /* CardCollectionView.swift in Sources */,
				78A58AD924243A4C00A1DA6E /* CardCollectionViewCell.swift in Sources */,
				78A58AB824227A0900A1DA6E /* SceneDelegate.swift in Sources */,
			);
			runOnlyForDeploymentPostprocessing = 0;
		};
/* End PBXSourcesBuildPhase section */

/* Begin PBXVariantGroup section */
		78A58ABB24227A0900A1DA6E /* Main.storyboard */ = {
			isa = PBXVariantGroup;
			children = (
				78A58ABC24227A0900A1DA6E /* Base */,
			);
			name = Main.storyboard;
			sourceTree = "<group>";
		};
		78A58AC024227A0C00A1DA6E /* LaunchScreen.storyboard */ = {
			isa = PBXVariantGroup;
			children = (
				78A58AC124227A0C00A1DA6E /* Base */,
			);
			name = LaunchScreen.storyboard;
			sourceTree = "<group>";
		};
/* End PBXVariantGroup section */

/* Begin XCBuildConfiguration section */
		78A58AC424227A0C00A1DA6E /* Debug */ = {
			isa = XCBuildConfiguration;
			buildSettings = {
				ALWAYS_SEARCH_USER_PATHS = NO;
				CLANG_ANALYZER_NONNULL = YES;
				CLANG_ANALYZER_NUMBER_OBJECT_CONVERSION = YES_AGGRESSIVE;
				CLANG_CXX_LANGUAGE_STANDARD = "gnu++14";
				CLANG_CXX_LIBRARY = "libc++";
				CLANG_ENABLE_MODULES = YES;
				CLANG_ENABLE_OBJC_ARC = YES;
				CLANG_ENABLE_OBJC_WEAK = YES;
				CLANG_WARN_BLOCK_CAPTURE_AUTORELEASING = YES;
				CLANG_WARN_BOOL_CONVERSION = YES;
				CLANG_WARN_COMMA = YES;
				CLANG_WARN_CONSTANT_CONVERSION = YES;
				CLANG_WARN_DEPRECATED_OBJC_IMPLEMENTATIONS = YES;
				CLANG_WARN_DIRECT_OBJC_ISA_USAGE = YES_ERROR;
				CLANG_WARN_DOCUMENTATION_COMMENTS = YES;
				CLANG_WARN_EMPTY_BODY = YES;
				CLANG_WARN_ENUM_CONVERSION = YES;
				CLANG_WARN_INFINITE_RECURSION = YES;
				CLANG_WARN_INT_CONVERSION = YES;
				CLANG_WARN_NON_LITERAL_NULL_CONVERSION = YES;
				CLANG_WARN_OBJC_IMPLICIT_RETAIN_SELF = YES;
				CLANG_WARN_OBJC_LITERAL_CONVERSION = YES;
				CLANG_WARN_OBJC_ROOT_CLASS = YES_ERROR;
				CLANG_WARN_RANGE_LOOP_ANALYSIS = YES;
				CLANG_WARN_STRICT_PROTOTYPES = YES;
				CLANG_WARN_SUSPICIOUS_MOVE = YES;
				CLANG_WARN_UNGUARDED_AVAILABILITY = YES_AGGRESSIVE;
				CLANG_WARN_UNREACHABLE_CODE = YES;
				CLANG_WARN__DUPLICATE_METHOD_MATCH = YES;
				COPY_PHASE_STRIP = NO;
				DEBUG_INFORMATION_FORMAT = dwarf;
				ENABLE_STRICT_OBJC_MSGSEND = YES;
				ENABLE_TESTABILITY = YES;
				GCC_C_LANGUAGE_STANDARD = gnu11;
				GCC_DYNAMIC_NO_PIC = NO;
				GCC_NO_COMMON_BLOCKS = YES;
				GCC_OPTIMIZATION_LEVEL = 0;
				GCC_PREPROCESSOR_DEFINITIONS = (
					"DEBUG=1",
					"$(inherited)",
				);
				GCC_WARN_64_TO_32_BIT_CONVERSION = YES;
				GCC_WARN_ABOUT_RETURN_TYPE = YES_ERROR;
				GCC_WARN_UNDECLARED_SELECTOR = YES;
				GCC_WARN_UNINITIALIZED_AUTOS = YES_AGGRESSIVE;
				GCC_WARN_UNUSED_FUNCTION = YES;
				GCC_WARN_UNUSED_VARIABLE = YES;
				IPHONEOS_DEPLOYMENT_TARGET = 13.2;
				MTL_ENABLE_DEBUG_INFO = INCLUDE_SOURCE;
				MTL_FAST_MATH = YES;
				ONLY_ACTIVE_ARCH = YES;
				SDKROOT = iphoneos;
				SWIFT_ACTIVE_COMPILATION_CONDITIONS = DEBUG;
				SWIFT_OPTIMIZATION_LEVEL = "-Onone";
			};
			name = Debug;
		};
		78A58AC524227A0C00A1DA6E /* Release */ = {
			isa = XCBuildConfiguration;
			buildSettings = {
				ALWAYS_SEARCH_USER_PATHS = NO;
				CLANG_ANALYZER_NONNULL = YES;
				CLANG_ANALYZER_NUMBER_OBJECT_CONVERSION = YES_AGGRESSIVE;
				CLANG_CXX_LANGUAGE_STANDARD = "gnu++14";
				CLANG_CXX_LIBRARY = "libc++";
				CLANG_ENABLE_MODULES = YES;
				CLANG_ENABLE_OBJC_ARC = YES;
				CLANG_ENABLE_OBJC_WEAK = YES;
				CLANG_WARN_BLOCK_CAPTURE_AUTORELEASING = YES;
				CLANG_WARN_BOOL_CONVERSION = YES;
				CLANG_WARN_COMMA = YES;
				CLANG_WARN_CONSTANT_CONVERSION = YES;
				CLANG_WARN_DEPRECATED_OBJC_IMPLEMENTATIONS = YES;
				CLANG_WARN_DIRECT_OBJC_ISA_USAGE = YES_ERROR;
				CLANG_WARN_DOCUMENTATION_COMMENTS = YES;
				CLANG_WARN_EMPTY_BODY = YES;
				CLANG_WARN_ENUM_CONVERSION = YES;
				CLANG_WARN_INFINITE_RECURSION = YES;
				CLANG_WARN_INT_CONVERSION = YES;
				CLANG_WARN_NON_LITERAL_NULL_CONVERSION = YES;
				CLANG_WARN_OBJC_IMPLICIT_RETAIN_SELF = YES;
				CLANG_WARN_OBJC_LITERAL_CONVERSION = YES;
				CLANG_WARN_OBJC_ROOT_CLASS = YES_ERROR;
				CLANG_WARN_RANGE_LOOP_ANALYSIS = YES;
				CLANG_WARN_STRICT_PROTOTYPES = YES;
				CLANG_WARN_SUSPICIOUS_MOVE = YES;
				CLANG_WARN_UNGUARDED_AVAILABILITY = YES_AGGRESSIVE;
				CLANG_WARN_UNREACHABLE_CODE = YES;
				CLANG_WARN__DUPLICATE_METHOD_MATCH = YES;
				COPY_PHASE_STRIP = NO;
				DEBUG_INFORMATION_FORMAT = "dwarf-with-dsym";
				ENABLE_NS_ASSERTIONS = NO;
				ENABLE_STRICT_OBJC_MSGSEND = YES;
				GCC_C_LANGUAGE_STANDARD = gnu11;
				GCC_NO_COMMON_BLOCKS = YES;
				GCC_WARN_64_TO_32_BIT_CONVERSION = YES;
				GCC_WARN_ABOUT_RETURN_TYPE = YES_ERROR;
				GCC_WARN_UNDECLARED_SELECTOR = YES;
				GCC_WARN_UNINITIALIZED_AUTOS = YES_AGGRESSIVE;
				GCC_WARN_UNUSED_FUNCTION = YES;
				GCC_WARN_UNUSED_VARIABLE = YES;
				IPHONEOS_DEPLOYMENT_TARGET = 13.2;
				MTL_ENABLE_DEBUG_INFO = NO;
				MTL_FAST_MATH = YES;
				SDKROOT = iphoneos;
				SWIFT_COMPILATION_MODE = wholemodule;
				SWIFT_OPTIMIZATION_LEVEL = "-O";
				VALIDATE_PRODUCT = YES;
			};
			name = Release;
		};
		78A58AC724227A0C00A1DA6E /* Debug */ = {
			isa = XCBuildConfiguration;
			buildSettings = {
				ASSETCATALOG_COMPILER_APPICON_NAME = AppIcon;
				CODE_SIGN_STYLE = Automatic;
				DEVELOPMENT_TEAM = D5Y4Z9D6EH;
				INFOPLIST_FILE = "Tarot Card/Info.plist";
				LD_RUNPATH_SEARCH_PATHS = (
					"$(inherited)",
					"@executable_path/Frameworks",
				);
				PRODUCT_BUNDLE_IDENTIFIER = "com.nickelogic.Tarot-Card";
				PRODUCT_NAME = "$(TARGET_NAME)";
				SWIFT_VERSION = 5.0;
				TARGETED_DEVICE_FAMILY = 1;
			};
			name = Debug;
		};
		78A58AC824227A0C00A1DA6E /* Release */ = {
			isa = XCBuildConfiguration;
			buildSettings = {
				ASSETCATALOG_COMPILER_APPICON_NAME = AppIcon;
				CODE_SIGN_STYLE = Automatic;
				DEVELOPMENT_TEAM = D5Y4Z9D6EH;
				INFOPLIST_FILE = "Tarot Card/Info.plist";
				LD_RUNPATH_SEARCH_PATHS = (
					"$(inherited)",
					"@executable_path/Frameworks",
				);
				PRODUCT_BUNDLE_IDENTIFIER = "com.nickelogic.Tarot-Card";
				PRODUCT_NAME = "$(TARGET_NAME)";
				SWIFT_VERSION = 5.0;
				TARGETED_DEVICE_FAMILY = 1;
			};
			name = Release;
		};
/* End XCBuildConfiguration section */

/* Begin XCConfigurationList section */
		78A58AAD24227A0900A1DA6E /* Build configuration list for PBXProject "Tarot Card" */ = {
			isa = XCConfigurationList;
			buildConfigurations = (
				78A58AC424227A0C00A1DA6E /* Debug */,
				78A58AC524227A0C00A1DA6E /* Release */,
			);
			defaultConfigurationIsVisible = 0;
			defaultConfigurationName = Release;
		};
		78A58AC624227A0C00A1DA6E /* Build configuration list for PBXNativeTarget "Tarot Card" */ = {
			isa = XCConfigurationList;
			buildConfigurations = (
				78A58AC724227A0C00A1DA6E /* Debug */,
				78A58AC824227A0C00A1DA6E /* Release */,
			);
			defaultConfigurationIsVisible = 0;
			defaultConfigurationName = Release;
		};
/* End XCConfigurationList section */
	};
	rootObject = 78A58AAA24227A0900A1DA6E /* Project object */;
}
